// !$*UTF8*$!
{
	archiveVersion = 1;
	classes = {
	};
	objectVersion = 46;
	objects = {

/* Begin PBXBuildFile section */
		B51DE5511CAF401E0060960A /* AppDelegate.swift in Sources */ = {isa = PBXBuildFile; fileRef = B51DE5501CAF401E0060960A /* AppDelegate.swift */; };
		B51DE5531CAF401E0060960A /* ViewController.swift in Sources */ = {isa = PBXBuildFile; fileRef = B51DE5521CAF401E0060960A /* ViewController.swift */; };
		B51DE5561CAF401E0060960A /* Main.storyboard in Resources */ = {isa = PBXBuildFile; fileRef = B51DE5541CAF401E0060960A /* Main.storyboard */; };
		B51DE5591CAF401E0060960A /* Estim8.xcdatamodeld in Sources */ = {isa = PBXBuildFile; fileRef = B51DE5571CAF401E0060960A /* Estim8.xcdatamodeld */; };
		B51DE55B1CAF401E0060960A /* Assets.xcassets in Resources */ = {isa = PBXBuildFile; fileRef = B51DE55A1CAF401E0060960A /* Assets.xcassets */; };
		B51DE55E1CAF401E0060960A /* LaunchScreen.storyboard in Resources */ = {isa = PBXBuildFile; fileRef = B51DE55C1CAF401E0060960A /* LaunchScreen.storyboard */; };
		B51DE5741CAF401F0060960A /* Estim8UITests.swift in Sources */ = {isa = PBXBuildFile; fileRef = B51DE5731CAF401F0060960A /* Estim8UITests.swift */; };
		B51DE5861CB2D88B0060960A /* ModelInterface.swift in Sources */ = {isa = PBXBuildFile; fileRef = B51DE5851CB2D88B0060960A /* ModelInterface.swift */; };
		B51DE5881CB2DEEE0060960A /* ModelImplementation.swift in Sources */ = {isa = PBXBuildFile; fileRef = B51DE5871CB2DEEE0060960A /* ModelImplementation.swift */; };
		B51DE5981CB4477B0060960A /* ModelTests.swift in Sources */ = {isa = PBXBuildFile; fileRef = B51DE5971CB4477B0060960A /* ModelTests.swift */; };
		B51DE5991CB448970060960A /* ModelInterface.swift in Sources */ = {isa = PBXBuildFile; fileRef = B51DE5851CB2D88B0060960A /* ModelInterface.swift */; };
		B51DE59B1CB449E90060960A /* ModelImplementation.swift in Sources */ = {isa = PBXBuildFile; fileRef = B51DE5871CB2DEEE0060960A /* ModelImplementation.swift */; };
		B51DE59D1CB57B2A0060960A /* ViewInterface.swift in Sources */ = {isa = PBXBuildFile; fileRef = B51DE59C1CB57B290060960A /* ViewInterface.swift */; };
		B51DE5A51CB6C27D0060960A /* ViewInterface.swift in Sources */ = {isa = PBXBuildFile; fileRef = B51DE59C1CB57B290060960A /* ViewInterface.swift */; };
		B51DE5A81CB6C36F0060960A /* AccountTests.swift in Sources */ = {isa = PBXBuildFile; fileRef = B51DE5A71CB6C36F0060960A /* AccountTests.swift */; };
		B51DE5AA1CB6C6BA0060960A /* ViewMoc.swift in Sources */ = {isa = PBXBuildFile; fileRef = B51DE5A91CB6C6BA0060960A /* ViewMoc.swift */; };
		B51DE5AC1CB92ADF0060960A /* SubViewController.swift in Sources */ = {isa = PBXBuildFile; fileRef = B51DE5AB1CB92ADF0060960A /* SubViewController.swift */; };
		B51DE5AE1CB92F910060960A /* CreateAccountViewController.swift in Sources */ = {isa = PBXBuildFile; fileRef = B51DE5AD1CB92F910060960A /* CreateAccountViewController.swift */; };
		B51DE5B01CB930840060960A /* DecantViewController.swift in Sources */ = {isa = PBXBuildFile; fileRef = B51DE5AF1CB930840060960A /* DecantViewController.swift */; };
		B51DE5B21CB931060060960A /* SlicesViewController.swift in Sources */ = {isa = PBXBuildFile; fileRef = B51DE5B11CB931060060960A /* SlicesViewController.swift */; };
		B51DE5B41CB9315B0060960A /* EditAccountViewController.swift in Sources */ = {isa = PBXBuildFile; fileRef = B51DE5B31CB9315B0060960A /* EditAccountViewController.swift */; };
		B59CB3A71D0600F8001642F8 /* AccountViews.swift in Sources */ = {isa = PBXBuildFile; fileRef = B59CB3A61D0600F8001642F8 /* AccountViews.swift */; };
		B59CB3AC1D0601E6001642F8 /* AccountItems.swift in Sources */ = {isa = PBXBuildFile; fileRef = B59CB3AB1D0601E6001642F8 /* AccountItems.swift */; };
		B59CB3AE1D06038B001642F8 /* CurrencyItems.swift in Sources */ = {isa = PBXBuildFile; fileRef = B59CB3AD1D06038B001642F8 /* CurrencyItems.swift */; };
		B59CB3B11D0603D0001642F8 /* AccountViewsImpl.swift in Sources */ = {isa = PBXBuildFile; fileRef = B59CB3B01D0603D0001642F8 /* AccountViewsImpl.swift */; };
		B59CB3B41D0604C7001642F8 /* AccountItemsImpl.swift in Sources */ = {isa = PBXBuildFile; fileRef = B59CB3B31D0604C7001642F8 /* AccountItemsImpl.swift */; };
		B59CB3B61D0605B0001642F8 /* CurrencyItemsImpl.swift in Sources */ = {isa = PBXBuildFile; fileRef = B59CB3B51D0605B0001642F8 /* CurrencyItemsImpl.swift */; };
		B59CB3B81D060629001642F8 /* SliceItems.swift in Sources */ = {isa = PBXBuildFile; fileRef = B59CB3B71D060629001642F8 /* SliceItems.swift */; };
		B59CB3BA1D060653001642F8 /* SliceItemsImpl.swift in Sources */ = {isa = PBXBuildFile; fileRef = B59CB3B91D060653001642F8 /* SliceItemsImpl.swift */; };
		B59CB3BB1D060732001642F8 /* AccountItemsImpl.swift in Sources */ = {isa = PBXBuildFile; fileRef = B59CB3B31D0604C7001642F8 /* AccountItemsImpl.swift */; };
		B59CB3BC1D06073C001642F8 /* CurrencyItemsImpl.swift in Sources */ = {isa = PBXBuildFile; fileRef = B59CB3B51D0605B0001642F8 /* CurrencyItemsImpl.swift */; };
		B59CB3BD1D06073C001642F8 /* SliceItemsImpl.swift in Sources */ = {isa = PBXBuildFile; fileRef = B59CB3B91D060653001642F8 /* SliceItemsImpl.swift */; };
		B59CB3BE1D06073C001642F8 /* AccountViewsImpl.swift in Sources */ = {isa = PBXBuildFile; fileRef = B59CB3B01D0603D0001642F8 /* AccountViewsImpl.swift */; };
		B59CB3BF1D06073C001642F8 /* AccountItems.swift in Sources */ = {isa = PBXBuildFile; fileRef = B59CB3AB1D0601E6001642F8 /* AccountItems.swift */; };
		B59CB3C01D06073C001642F8 /* CurrencyItems.swift in Sources */ = {isa = PBXBuildFile; fileRef = B59CB3AD1D06038B001642F8 /* CurrencyItems.swift */; };
		B59CB3C11D06073C001642F8 /* SliceItems.swift in Sources */ = {isa = PBXBuildFile; fileRef = B59CB3B71D060629001642F8 /* SliceItems.swift */; };
		B59CB3C21D06073C001642F8 /* AccountViews.swift in Sources */ = {isa = PBXBuildFile; fileRef = B59CB3A61D0600F8001642F8 /* AccountViews.swift */; };
		B59CB3C41D06082A001642F8 /* CurrencyViews.swift in Sources */ = {isa = PBXBuildFile; fileRef = B59CB3C31D06082A001642F8 /* CurrencyViews.swift */; };
		B59CB3C61D06083C001642F8 /* CurrencyViewsImpl.swift in Sources */ = {isa = PBXBuildFile; fileRef = B59CB3C51D06083C001642F8 /* CurrencyViewsImpl.swift */; };
		B59CB3C81D061B1A001642F8 /* ListCurrenciesViewController.swift in Sources */ = {isa = PBXBuildFile; fileRef = B59CB3C71D061B1A001642F8 /* ListCurrenciesViewController.swift */; };
		B59CB3CA1D061C19001642F8 /* CreateCurrencyViewController.swift in Sources */ = {isa = PBXBuildFile; fileRef = B59CB3C91D061C19001642F8 /* CreateCurrencyViewController.swift */; };
		B59CB3CC1D061C8E001642F8 /* EditCurrencyViewController.swift in Sources */ = {isa = PBXBuildFile; fileRef = B59CB3CB1D061C8E001642F8 /* EditCurrencyViewController.swift */; };
		B59CB3CE1D061CED001642F8 /* SelectCurrencyViewController.swift in Sources */ = {isa = PBXBuildFile; fileRef = B59CB3CD1D061CED001642F8 /* SelectCurrencyViewController.swift */; };
		B5A39D0A1CBA9D2700079E5F /* NumberField.swift in Sources */ = {isa = PBXBuildFile; fileRef = B5A39D091CBA9D2700079E5F /* NumberField.swift */; };
		B5A6840F1CC43D75003F302F /* MinimalToCurrencies.xcmappingmodel in Sources */ = {isa = PBXBuildFile; fileRef = B5A6840E1CC43D75003F302F /* MinimalToCurrencies.xcmappingmodel */; };
		B5B6A6D21CC4096200C53F8F /* CurrenciesUpdateToUpdate.swift in Sources */ = {isa = PBXBuildFile; fileRef = B5B6A6D11CC4096200C53F8F /* CurrenciesUpdateToUpdate.swift */; };
		B5E41ABF1D061FA5004CAF7C /* CurrencyViews.swift in Sources */ = {isa = PBXBuildFile; fileRef = B59CB3C31D06082A001642F8 /* CurrencyViews.swift */; };
		B5E41AC01D08C227004CAF7C /* CurrencyViewsImpl.swift in Sources */ = {isa = PBXBuildFile; fileRef = B59CB3C51D06083C001642F8 /* CurrencyViewsImpl.swift */; };
		B5E41AC31D0D8562004CAF7C /* CurrencyTests.swift in Sources */ = {isa = PBXBuildFile; fileRef = B5E41AC21D0D8562004CAF7C /* CurrencyTests.swift */; };
		B5E41AC51D0D85C8004CAF7C /* Setup.swift in Sources */ = {isa = PBXBuildFile; fileRef = B5E41AC41D0D85C8004CAF7C /* Setup.swift */; };
/* End PBXBuildFile section */

/* Begin PBXContainerItemProxy section */
		B51DE5651CAF401F0060960A /* PBXContainerItemProxy */ = {
			isa = PBXContainerItemProxy;
			containerPortal = B51DE5451CAF401E0060960A /* Project object */;
			proxyType = 1;
			remoteGlobalIDString = B51DE54C1CAF401E0060960A;
			remoteInfo = Estim8;
		};
		B51DE5701CAF401F0060960A /* PBXContainerItemProxy */ = {
			isa = PBXContainerItemProxy;
			containerPortal = B51DE5451CAF401E0060960A /* Project object */;
			proxyType = 1;
			remoteGlobalIDString = B51DE54C1CAF401E0060960A;
			remoteInfo = Estim8;
		};
/* End PBXContainerItemProxy section */

/* Begin PBXFileReference section */
		B51DE54D1CAF401E0060960A /* Estim8.app */ = {isa = PBXFileReference; explicitFileType = wrapper.application; includeInIndex = 0; path = Estim8.app; sourceTree = BUILT_PRODUCTS_DIR; };
		B51DE5501CAF401E0060960A /* AppDelegate.swift */ = {isa = PBXFileReference; lastKnownFileType = sourcecode.swift; path = AppDelegate.swift; sourceTree = "<group>"; };
		B51DE5521CAF401E0060960A /* ViewController.swift */ = {isa = PBXFileReference; lastKnownFileType = sourcecode.swift; path = ViewController.swift; sourceTree = "<group>"; };
		B51DE5551CAF401E0060960A /* Base */ = {isa = PBXFileReference; lastKnownFileType = file.storyboard; name = Base; path = Base.lproj/Main.storyboard; sourceTree = "<group>"; };
		B51DE5581CAF401E0060960A /* Estim8.xcdatamodel */ = {isa = PBXFileReference; lastKnownFileType = wrapper.xcdatamodel; path = Estim8.xcdatamodel; sourceTree = "<group>"; };
		B51DE55A1CAF401E0060960A /* Assets.xcassets */ = {isa = PBXFileReference; lastKnownFileType = folder.assetcatalog; path = Assets.xcassets; sourceTree = "<group>"; };
		B51DE55D1CAF401E0060960A /* Base */ = {isa = PBXFileReference; lastKnownFileType = file.storyboard; name = Base; path = Base.lproj/LaunchScreen.storyboard; sourceTree = "<group>"; };
		B51DE55F1CAF401E0060960A /* Info.plist */ = {isa = PBXFileReference; lastKnownFileType = text.plist.xml; path = Info.plist; sourceTree = "<group>"; };
		B51DE5641CAF401F0060960A /* Estim8Tests.xctest */ = {isa = PBXFileReference; explicitFileType = wrapper.cfbundle; includeInIndex = 0; path = Estim8Tests.xctest; sourceTree = BUILT_PRODUCTS_DIR; };
		B51DE56A1CAF401F0060960A /* Info.plist */ = {isa = PBXFileReference; lastKnownFileType = text.plist.xml; path = Info.plist; sourceTree = "<group>"; };
		B51DE56F1CAF401F0060960A /* Estim8UITests.xctest */ = {isa = PBXFileReference; explicitFileType = wrapper.cfbundle; includeInIndex = 0; path = Estim8UITests.xctest; sourceTree = BUILT_PRODUCTS_DIR; };
		B51DE5731CAF401F0060960A /* Estim8UITests.swift */ = {isa = PBXFileReference; lastKnownFileType = sourcecode.swift; path = Estim8UITests.swift; sourceTree = "<group>"; };
		B51DE5751CAF401F0060960A /* Info.plist */ = {isa = PBXFileReference; lastKnownFileType = text.plist.xml; path = Info.plist; sourceTree = "<group>"; };
		B51DE5851CB2D88B0060960A /* ModelInterface.swift */ = {isa = PBXFileReference; fileEncoding = 4; lastKnownFileType = sourcecode.swift; path = ModelInterface.swift; sourceTree = "<group>"; };
		B51DE5871CB2DEEE0060960A /* ModelImplementation.swift */ = {isa = PBXFileReference; fileEncoding = 4; lastKnownFileType = sourcecode.swift; path = ModelImplementation.swift; sourceTree = "<group>"; };
		B51DE5971CB4477B0060960A /* ModelTests.swift */ = {isa = PBXFileReference; fileEncoding = 4; lastKnownFileType = sourcecode.swift; path = ModelTests.swift; sourceTree = "<group>"; };
		B51DE59C1CB57B290060960A /* ViewInterface.swift */ = {isa = PBXFileReference; fileEncoding = 4; lastKnownFileType = sourcecode.swift; path = ViewInterface.swift; sourceTree = "<group>"; };
		B51DE5A71CB6C36F0060960A /* AccountTests.swift */ = {isa = PBXFileReference; fileEncoding = 4; lastKnownFileType = sourcecode.swift; path = AccountTests.swift; sourceTree = "<group>"; };
		B51DE5A91CB6C6BA0060960A /* ViewMoc.swift */ = {isa = PBXFileReference; fileEncoding = 4; lastKnownFileType = sourcecode.swift; path = ViewMoc.swift; sourceTree = "<group>"; };
		B51DE5AB1CB92ADF0060960A /* SubViewController.swift */ = {isa = PBXFileReference; fileEncoding = 4; lastKnownFileType = sourcecode.swift; path = SubViewController.swift; sourceTree = "<group>"; };
		B51DE5AD1CB92F910060960A /* CreateAccountViewController.swift */ = {isa = PBXFileReference; fileEncoding = 4; lastKnownFileType = sourcecode.swift; path = CreateAccountViewController.swift; sourceTree = "<group>"; };
		B51DE5AF1CB930840060960A /* DecantViewController.swift */ = {isa = PBXFileReference; fileEncoding = 4; lastKnownFileType = sourcecode.swift; path = DecantViewController.swift; sourceTree = "<group>"; };
		B51DE5B11CB931060060960A /* SlicesViewController.swift */ = {isa = PBXFileReference; fileEncoding = 4; lastKnownFileType = sourcecode.swift; path = SlicesViewController.swift; sourceTree = "<group>"; };
		B51DE5B31CB9315B0060960A /* EditAccountViewController.swift */ = {isa = PBXFileReference; fileEncoding = 4; lastKnownFileType = sourcecode.swift; path = EditAccountViewController.swift; sourceTree = "<group>"; };
		B59CB3A61D0600F8001642F8 /* AccountViews.swift */ = {isa = PBXFileReference; fileEncoding = 4; lastKnownFileType = sourcecode.swift; path = AccountViews.swift; sourceTree = "<group>"; };
		B59CB3AB1D0601E6001642F8 /* AccountItems.swift */ = {isa = PBXFileReference; fileEncoding = 4; lastKnownFileType = sourcecode.swift; path = AccountItems.swift; sourceTree = "<group>"; };
		B59CB3AD1D06038B001642F8 /* CurrencyItems.swift */ = {isa = PBXFileReference; fileEncoding = 4; lastKnownFileType = sourcecode.swift; path = CurrencyItems.swift; sourceTree = "<group>"; };
		B59CB3B01D0603D0001642F8 /* AccountViewsImpl.swift */ = {isa = PBXFileReference; fileEncoding = 4; lastKnownFileType = sourcecode.swift; path = AccountViewsImpl.swift; sourceTree = "<group>"; };
		B59CB3B31D0604C7001642F8 /* AccountItemsImpl.swift */ = {isa = PBXFileReference; fileEncoding = 4; lastKnownFileType = sourcecode.swift; path = AccountItemsImpl.swift; sourceTree = "<group>"; };
		B59CB3B51D0605B0001642F8 /* CurrencyItemsImpl.swift */ = {isa = PBXFileReference; fileEncoding = 4; lastKnownFileType = sourcecode.swift; path = CurrencyItemsImpl.swift; sourceTree = "<group>"; };
		B59CB3B71D060629001642F8 /* SliceItems.swift */ = {isa = PBXFileReference; fileEncoding = 4; lastKnownFileType = sourcecode.swift; path = SliceItems.swift; sourceTree = "<group>"; };
		B59CB3B91D060653001642F8 /* SliceItemsImpl.swift */ = {isa = PBXFileReference; fileEncoding = 4; lastKnownFileType = sourcecode.swift; path = SliceItemsImpl.swift; sourceTree = "<group>"; };
		B59CB3C31D06082A001642F8 /* CurrencyViews.swift */ = {isa = PBXFileReference; fileEncoding = 4; lastKnownFileType = sourcecode.swift; path = CurrencyViews.swift; sourceTree = "<group>"; };
		B59CB3C51D06083C001642F8 /* CurrencyViewsImpl.swift */ = {isa = PBXFileReference; fileEncoding = 4; lastKnownFileType = sourcecode.swift; path = CurrencyViewsImpl.swift; sourceTree = "<group>"; };
		B59CB3C71D061B1A001642F8 /* ListCurrenciesViewController.swift */ = {isa = PBXFileReference; fileEncoding = 4; lastKnownFileType = sourcecode.swift; path = ListCurrenciesViewController.swift; sourceTree = "<group>"; };
		B59CB3C91D061C19001642F8 /* CreateCurrencyViewController.swift */ = {isa = PBXFileReference; fileEncoding = 4; lastKnownFileType = sourcecode.swift; path = CreateCurrencyViewController.swift; sourceTree = "<group>"; };
		B59CB3CB1D061C8E001642F8 /* EditCurrencyViewController.swift */ = {isa = PBXFileReference; fileEncoding = 4; lastKnownFileType = sourcecode.swift; path = EditCurrencyViewController.swift; sourceTree = "<group>"; };
		B59CB3CD1D061CED001642F8 /* SelectCurrencyViewController.swift */ = {isa = PBXFileReference; fileEncoding = 4; lastKnownFileType = sourcecode.swift; path = SelectCurrencyViewController.swift; sourceTree = "<group>"; };
		B5A39D091CBA9D2700079E5F /* NumberField.swift */ = {isa = PBXFileReference; fileEncoding = 4; lastKnownFileType = sourcecode.swift; path = NumberField.swift; sourceTree = "<group>"; };
		B5A6840E1CC43D75003F302F /* MinimalToCurrencies.xcmappingmodel */ = {isa = PBXFileReference; lastKnownFileType = wrapper.xcmappingmodel; path = MinimalToCurrencies.xcmappingmodel; sourceTree = "<group>"; };
		B5B6A6CC1CC405FB00C53F8F /* Currencies.xcdatamodel */ = {isa = PBXFileReference; lastKnownFileType = wrapper.xcdatamodel; path = Currencies.xcdatamodel; sourceTree = "<group>"; };
		B5B6A6D11CC4096200C53F8F /* CurrenciesUpdateToUpdate.swift */ = {isa = PBXFileReference; fileEncoding = 4; lastKnownFileType = sourcecode.swift; name = CurrenciesUpdateToUpdate.swift; path = ../CurrenciesUpdateToUpdate.swift; sourceTree = "<group>"; };
		B5E41AC21D0D8562004CAF7C /* CurrencyTests.swift */ = {isa = PBXFileReference; fileEncoding = 4; lastKnownFileType = sourcecode.swift; path = CurrencyTests.swift; sourceTree = "<group>"; };
		B5E41AC41D0D85C8004CAF7C /* Setup.swift */ = {isa = PBXFileReference; fileEncoding = 4; lastKnownFileType = sourcecode.swift; path = Setup.swift; sourceTree = "<group>"; };
/* End PBXFileReference section */

/* Begin PBXFrameworksBuildPhase section */
		B51DE54A1CAF401E0060960A /* Frameworks */ = {
			isa = PBXFrameworksBuildPhase;
			buildActionMask = 2147483647;
			files = (
			);
			runOnlyForDeploymentPostprocessing = 0;
		};
		B51DE5611CAF401F0060960A /* Frameworks */ = {
			isa = PBXFrameworksBuildPhase;
			buildActionMask = 2147483647;
			files = (
			);
			runOnlyForDeploymentPostprocessing = 0;
		};
		B51DE56C1CAF401F0060960A /* Frameworks */ = {
			isa = PBXFrameworksBuildPhase;
			buildActionMask = 2147483647;
			files = (
			);
			runOnlyForDeploymentPostprocessing = 0;
		};
/* End PBXFrameworksBuildPhase section */

/* Begin PBXGroup section */
		B51DE5441CAF401E0060960A = {
			isa = PBXGroup;
			children = (
				B51DE54F1CAF401E0060960A /* Estim8 */,
				B51DE5671CAF401F0060960A /* Estim8Tests */,
				B51DE5721CAF401F0060960A /* Estim8UITests */,
				B51DE54E1CAF401E0060960A /* Products */,
			);
			sourceTree = "<group>";
		};
		B51DE54E1CAF401E0060960A /* Products */ = {
			isa = PBXGroup;
			children = (
				B51DE54D1CAF401E0060960A /* Estim8.app */,
				B51DE5641CAF401F0060960A /* Estim8Tests.xctest */,
				B51DE56F1CAF401F0060960A /* Estim8UITests.xctest */,
			);
			name = Products;
			sourceTree = "<group>";
		};
		B51DE54F1CAF401E0060960A /* Estim8 */ = {
			isa = PBXGroup;
			children = (
				B51DE59F1CB57C930060960A /* Controller */,
				B51DE5841CB149870060960A /* Model */,
				B51DE59E1CB57B920060960A /* View */,
				B51DE5501CAF401E0060960A /* AppDelegate.swift */,
				B51DE5541CAF401E0060960A /* Main.storyboard */,
				B51DE55A1CAF401E0060960A /* Assets.xcassets */,
				B51DE55C1CAF401E0060960A /* LaunchScreen.storyboard */,
				B51DE55F1CAF401E0060960A /* Info.plist */,
			);
			path = Estim8;
			sourceTree = "<group>";
		};
		B51DE5671CAF401F0060960A /* Estim8Tests */ = {
			isa = PBXGroup;
			children = (
				B5E41AC11D0D8524004CAF7C /* ControllerTests */,
				B51DE5971CB4477B0060960A /* ModelTests.swift */,
				B51DE56A1CAF401F0060960A /* Info.plist */,
				B51DE5A91CB6C6BA0060960A /* ViewMoc.swift */,
			);
			path = Estim8Tests;
			sourceTree = "<group>";
		};
		B51DE5721CAF401F0060960A /* Estim8UITests */ = {
			isa = PBXGroup;
			children = (
				B51DE5731CAF401F0060960A /* Estim8UITests.swift */,
				B51DE5751CAF401F0060960A /* Info.plist */,
			);
			path = Estim8UITests;
			sourceTree = "<group>";
		};
		B51DE5841CB149870060960A /* Model */ = {
			isa = PBXGroup;
			children = (
				B51DE5851CB2D88B0060960A /* ModelInterface.swift */,
				B51DE5871CB2DEEE0060960A /* ModelImplementation.swift */,
				B51DE5571CAF401E0060960A /* Estim8.xcdatamodeld */,
				B5B6A6D11CC4096200C53F8F /* CurrenciesUpdateToUpdate.swift */,
				B5A6840E1CC43D75003F302F /* MinimalToCurrencies.xcmappingmodel */,
			);
			name = Model;
			sourceTree = "<group>";
		};
		B51DE59E1CB57B920060960A /* View */ = {
			isa = PBXGroup;
			children = (
				B51DE59C1CB57B290060960A /* ViewInterface.swift */,
				B51DE5521CAF401E0060960A /* ViewController.swift */,
				B51DE5AB1CB92ADF0060960A /* SubViewController.swift */,
				B51DE5AD1CB92F910060960A /* CreateAccountViewController.swift */,
				B51DE5AF1CB930840060960A /* DecantViewController.swift */,
				B51DE5B11CB931060060960A /* SlicesViewController.swift */,
				B51DE5B31CB9315B0060960A /* EditAccountViewController.swift */,
				B5A39D091CBA9D2700079E5F /* NumberField.swift */,
				B59CB3C71D061B1A001642F8 /* ListCurrenciesViewController.swift */,
				B59CB3C91D061C19001642F8 /* CreateCurrencyViewController.swift */,
				B59CB3CB1D061C8E001642F8 /* EditCurrencyViewController.swift */,
				B59CB3CD1D061CED001642F8 /* SelectCurrencyViewController.swift */,
			);
			name = View;
			sourceTree = "<group>";
		};
		B51DE59F1CB57C930060960A /* Controller */ = {
			isa = PBXGroup;
			children = (
				B59CB3A11D060070001642F8 /* Implementation */,
				B59CB3A01D060062001642F8 /* Interface */,
			);
			name = Controller;
			sourceTree = "<group>";
		};
		B59CB3A01D060062001642F8 /* Interface */ = {
			isa = PBXGroup;
			children = (
				B59CB3AA1D0601D5001642F8 /* Items */,
				B59CB3A51D0600C1001642F8 /* Views */,
			);
			name = Interface;
			sourceTree = "<group>";
		};
		B59CB3A11D060070001642F8 /* Implementation */ = {
			isa = PBXGroup;
			children = (
				B59CB3B21D0604B7001642F8 /* Items */,
				B59CB3AF1D0603BF001642F8 /* Views */,
			);
			name = Implementation;
			sourceTree = "<group>";
		};
		B59CB3A51D0600C1001642F8 /* Views */ = {
			isa = PBXGroup;
			children = (
				B59CB3A61D0600F8001642F8 /* AccountViews.swift */,
				B59CB3C31D06082A001642F8 /* CurrencyViews.swift */,
			);
			name = Views;
			sourceTree = "<group>";
		};
		B59CB3AA1D0601D5001642F8 /* Items */ = {
			isa = PBXGroup;
			children = (
				B59CB3AB1D0601E6001642F8 /* AccountItems.swift */,
				B59CB3AD1D06038B001642F8 /* CurrencyItems.swift */,
				B59CB3B71D060629001642F8 /* SliceItems.swift */,
			);
			name = Items;
			sourceTree = "<group>";
		};
		B59CB3AF1D0603BF001642F8 /* Views */ = {
			isa = PBXGroup;
			children = (
				B59CB3B01D0603D0001642F8 /* AccountViewsImpl.swift */,
				B59CB3C51D06083C001642F8 /* CurrencyViewsImpl.swift */,
			);
			name = Views;
			sourceTree = "<group>";
		};
		B59CB3B21D0604B7001642F8 /* Items */ = {
			isa = PBXGroup;
			children = (
				B59CB3B31D0604C7001642F8 /* AccountItemsImpl.swift */,
				B59CB3B51D0605B0001642F8 /* CurrencyItemsImpl.swift */,
				B59CB3B91D060653001642F8 /* SliceItemsImpl.swift */,
			);
			name = Items;
			sourceTree = "<group>";
		};
		B5E41AC11D0D8524004CAF7C /* ControllerTests */ = {
			isa = PBXGroup;
			children = (
				B51DE5A71CB6C36F0060960A /* AccountTests.swift */,
				B5E41AC21D0D8562004CAF7C /* CurrencyTests.swift */,
				B5E41AC41D0D85C8004CAF7C /* Setup.swift */,
			);
			name = ControllerTests;
			sourceTree = "<group>";
		};
/* End PBXGroup section */

/* Begin PBXNativeTarget section */
		B51DE54C1CAF401E0060960A /* Estim8 */ = {
			isa = PBXNativeTarget;
			buildConfigurationList = B51DE5781CAF401F0060960A /* Build configuration list for PBXNativeTarget "Estim8" */;
			buildPhases = (
				B51DE5491CAF401E0060960A /* Sources */,
				B51DE54A1CAF401E0060960A /* Frameworks */,
				B51DE54B1CAF401E0060960A /* Resources */,
			);
			buildRules = (
			);
			dependencies = (
			);
			name = Estim8;
			productName = Estim8;
			productReference = B51DE54D1CAF401E0060960A /* Estim8.app */;
			productType = "com.apple.product-type.application";
		};
		B51DE5631CAF401F0060960A /* Estim8Tests */ = {
			isa = PBXNativeTarget;
			buildConfigurationList = B51DE57B1CAF401F0060960A /* Build configuration list for PBXNativeTarget "Estim8Tests" */;
			buildPhases = (
				B51DE5601CAF401F0060960A /* Sources */,
				B51DE5611CAF401F0060960A /* Frameworks */,
				B51DE5621CAF401F0060960A /* Resources */,
			);
			buildRules = (
			);
			dependencies = (
				B51DE5661CAF401F0060960A /* PBXTargetDependency */,
			);
			name = Estim8Tests;
			productName = Estim8Tests;
			productReference = B51DE5641CAF401F0060960A /* Estim8Tests.xctest */;
			productType = "com.apple.product-type.bundle.unit-test";
		};
		B51DE56E1CAF401F0060960A /* Estim8UITests */ = {
			isa = PBXNativeTarget;
			buildConfigurationList = B51DE57E1CAF401F0060960A /* Build configuration list for PBXNativeTarget "Estim8UITests" */;
			buildPhases = (
				B51DE56B1CAF401F0060960A /* Sources */,
				B51DE56C1CAF401F0060960A /* Frameworks */,
				B51DE56D1CAF401F0060960A /* Resources */,
			);
			buildRules = (
			);
			dependencies = (
				B51DE5711CAF401F0060960A /* PBXTargetDependency */,
			);
			name = Estim8UITests;
			productName = Estim8UITests;
			productReference = B51DE56F1CAF401F0060960A /* Estim8UITests.xctest */;
			productType = "com.apple.product-type.bundle.ui-testing";
		};
/* End PBXNativeTarget section */

/* Begin PBXProject section */
		B51DE5451CAF401E0060960A /* Project object */ = {
			isa = PBXProject;
			attributes = {
				LastSwiftUpdateCheck = 0730;
				LastUpgradeCheck = 0730;
				ORGANIZATIONNAME = MigMit;
				TargetAttributes = {
					B51DE54C1CAF401E0060960A = {
						CreatedOnToolsVersion = 7.3;
						DevelopmentTeam = 64U2JZSWWX;
					};
					B51DE5631CAF401F0060960A = {
						CreatedOnToolsVersion = 7.3;
						TestTargetID = B51DE54C1CAF401E0060960A;
					};
					B51DE56E1CAF401F0060960A = {
						CreatedOnToolsVersion = 7.3;
						TestTargetID = B51DE54C1CAF401E0060960A;
					};
				};
			};
			buildConfigurationList = B51DE5481CAF401E0060960A /* Build configuration list for PBXProject "Estim8" */;
			compatibilityVersion = "Xcode 3.2";
			developmentRegion = English;
			hasScannedForEncodings = 0;
			knownRegions = (
				en,
				Base,
			);
			mainGroup = B51DE5441CAF401E0060960A;
			productRefGroup = B51DE54E1CAF401E0060960A /* Products */;
			projectDirPath = "";
			projectRoot = "";
			targets = (
				B51DE54C1CAF401E0060960A /* Estim8 */,
				B51DE5631CAF401F0060960A /* Estim8Tests */,
				B51DE56E1CAF401F0060960A /* Estim8UITests */,
			);
		};
/* End PBXProject section */

/* Begin PBXResourcesBuildPhase section */
		B51DE54B1CAF401E0060960A /* Resources */ = {
			isa = PBXResourcesBuildPhase;
			buildActionMask = 2147483647;
			files = (
				B51DE55E1CAF401E0060960A /* LaunchScreen.storyboard in Resources */,
				B51DE55B1CAF401E0060960A /* Assets.xcassets in Resources */,
				B51DE5561CAF401E0060960A /* Main.storyboard in Resources */,
			);
			runOnlyForDeploymentPostprocessing = 0;
		};
		B51DE5621CAF401F0060960A /* Resources */ = {
			isa = PBXResourcesBuildPhase;
			buildActionMask = 2147483647;
			files = (
			);
			runOnlyForDeploymentPostprocessing = 0;
		};
		B51DE56D1CAF401F0060960A /* Resources */ = {
			isa = PBXResourcesBuildPhase;
			buildActionMask = 2147483647;
			files = (
			);
			runOnlyForDeploymentPostprocessing = 0;
		};
/* End PBXResourcesBuildPhase section */

/* Begin PBXSourcesBuildPhase section */
		B51DE5491CAF401E0060960A /* Sources */ = {
			isa = PBXSourcesBuildPhase;
			buildActionMask = 2147483647;
			files = (
				B59CB3C81D061B1A001642F8 /* ListCurrenciesViewController.swift in Sources */,
				B59CB3CC1D061C8E001642F8 /* EditCurrencyViewController.swift in Sources */,
				B51DE5AE1CB92F910060960A /* CreateAccountViewController.swift in Sources */,
				B51DE5B01CB930840060960A /* DecantViewController.swift in Sources */,
				B51DE5531CAF401E0060960A /* ViewController.swift in Sources */,
				B59CB3A71D0600F8001642F8 /* AccountViews.swift in Sources */,
				B59CB3AC1D0601E6001642F8 /* AccountItems.swift in Sources */,
				B51DE5861CB2D88B0060960A /* ModelInterface.swift in Sources */,
				B59CB3B81D060629001642F8 /* SliceItems.swift in Sources */,
				B5B6A6D21CC4096200C53F8F /* CurrenciesUpdateToUpdate.swift in Sources */,
				B5A39D0A1CBA9D2700079E5F /* NumberField.swift in Sources */,
				B59CB3CE1D061CED001642F8 /* SelectCurrencyViewController.swift in Sources */,
				B59CB3BA1D060653001642F8 /* SliceItemsImpl.swift in Sources */,
				B51DE5591CAF401E0060960A /* Estim8.xcdatamodeld in Sources */,
				B59CB3B11D0603D0001642F8 /* AccountViewsImpl.swift in Sources */,
				B59CB3C41D06082A001642F8 /* CurrencyViews.swift in Sources */,
				B51DE5881CB2DEEE0060960A /* ModelImplementation.swift in Sources */,
				B5A6840F1CC43D75003F302F /* MinimalToCurrencies.xcmappingmodel in Sources */,
				B59CB3AE1D06038B001642F8 /* CurrencyItems.swift in Sources */,
				B51DE59D1CB57B2A0060960A /* ViewInterface.swift in Sources */,
				B59CB3B41D0604C7001642F8 /* AccountItemsImpl.swift in Sources */,
				B59CB3CA1D061C19001642F8 /* CreateCurrencyViewController.swift in Sources */,
				B51DE5AC1CB92ADF0060960A /* SubViewController.swift in Sources */,
				B51DE5511CAF401E0060960A /* AppDelegate.swift in Sources */,
				B51DE5B21CB931060060960A /* SlicesViewController.swift in Sources */,
				B59CB3C61D06083C001642F8 /* CurrencyViewsImpl.swift in Sources */,
				B51DE5B41CB9315B0060960A /* EditAccountViewController.swift in Sources */,
				B59CB3B61D0605B0001642F8 /* CurrencyItemsImpl.swift in Sources */,
			);
			runOnlyForDeploymentPostprocessing = 0;
		};
		B51DE5601CAF401F0060960A /* Sources */ = {
			isa = PBXSourcesBuildPhase;
			buildActionMask = 2147483647;
			files = (
				B51DE5981CB4477B0060960A /* ModelTests.swift in Sources */,
				B59CB3BC1D06073C001642F8 /* CurrencyItemsImpl.swift in Sources */,
				B59CB3BB1D060732001642F8 /* AccountItemsImpl.swift in Sources */,
				B59CB3BD1D06073C001642F8 /* SliceItemsImpl.swift in Sources */,
				B5E41AC31D0D8562004CAF7C /* CurrencyTests.swift in Sources */,
				B59CB3BE1D06073C001642F8 /* AccountViewsImpl.swift in Sources */,
				B51DE5AA1CB6C6BA0060960A /* ViewMoc.swift in Sources */,
				B5E41AC51D0D85C8004CAF7C /* Setup.swift in Sources */,
				B51DE5991CB448970060960A /* ModelInterface.swift in Sources */,
				B59CB3C11D06073C001642F8 /* SliceItems.swift in Sources */,
				B59CB3C01D06073C001642F8 /* CurrencyItems.swift in Sources */,
				B51DE5A51CB6C27D0060960A /* ViewInterface.swift in Sources */,
				B59CB3C21D06073C001642F8 /* AccountViews.swift in Sources */,
				B5E41ABF1D061FA5004CAF7C /* CurrencyViews.swift in Sources */,
				B59CB3BF1D06073C001642F8 /* AccountItems.swift in Sources */,
				B5E41AC01D08C227004CAF7C /* CurrencyViewsImpl.swift in Sources */,
				B51DE59B1CB449E90060960A /* ModelImplementation.swift in Sources */,
				B51DE5A81CB6C36F0060960A /* AccountTests.swift in Sources */,
			);
			runOnlyForDeploymentPostprocessing = 0;
		};
		B51DE56B1CAF401F0060960A /* Sources */ = {
			isa = PBXSourcesBuildPhase;
			buildActionMask = 2147483647;
			files = (
				B51DE5741CAF401F0060960A /* Estim8UITests.swift in Sources */,
			);
			runOnlyForDeploymentPostprocessing = 0;
		};
/* End PBXSourcesBuildPhase section */

/* Begin PBXTargetDependency section */
		B51DE5661CAF401F0060960A /* PBXTargetDependency */ = {
			isa = PBXTargetDependency;
			target = B51DE54C1CAF401E0060960A /* Estim8 */;
			targetProxy = B51DE5651CAF401F0060960A /* PBXContainerItemProxy */;
		};
		B51DE5711CAF401F0060960A /* PBXTargetDependency */ = {
			isa = PBXTargetDependency;
			target = B51DE54C1CAF401E0060960A /* Estim8 */;
			targetProxy = B51DE5701CAF401F0060960A /* PBXContainerItemProxy */;
		};
/* End PBXTargetDependency section */

/* Begin PBXVariantGroup section */
		B51DE5541CAF401E0060960A /* Main.storyboard */ = {
			isa = PBXVariantGroup;
			children = (
				B51DE5551CAF401E0060960A /* Base */,
			);
			name = Main.storyboard;
			sourceTree = "<group>";
		};
		B51DE55C1CAF401E0060960A /* LaunchScreen.storyboard */ = {
			isa = PBXVariantGroup;
			children = (
				B51DE55D1CAF401E0060960A /* Base */,
			);
			name = LaunchScreen.storyboard;
			sourceTree = "<group>";
		};
/* End PBXVariantGroup section */

/* Begin XCBuildConfiguration section */
		B51DE5761CAF401F0060960A /* Debug */ = {
			isa = XCBuildConfiguration;
			buildSettings = {
				ALWAYS_SEARCH_USER_PATHS = NO;
				CLANG_ANALYZER_NONNULL = YES;
				CLANG_CXX_LANGUAGE_STANDARD = "gnu++0x";
				CLANG_CXX_LIBRARY = "libc++";
				CLANG_ENABLE_MODULES = YES;
				CLANG_ENABLE_OBJC_ARC = YES;
				CLANG_WARN_BOOL_CONVERSION = YES;
				CLANG_WARN_CONSTANT_CONVERSION = YES;
				CLANG_WARN_DIRECT_OBJC_ISA_USAGE = YES_ERROR;
				CLANG_WARN_EMPTY_BODY = YES;
				CLANG_WARN_ENUM_CONVERSION = YES;
				CLANG_WARN_INT_CONVERSION = YES;
				CLANG_WARN_OBJC_ROOT_CLASS = YES_ERROR;
				CLANG_WARN_UNREACHABLE_CODE = YES;
				CLANG_WARN__DUPLICATE_METHOD_MATCH = YES;
				"CODE_SIGN_IDENTITY[sdk=iphoneos*]" = "iPhone Developer";
				COPY_PHASE_STRIP = NO;
				DEBUG_INFORMATION_FORMAT = dwarf;
				ENABLE_STRICT_OBJC_MSGSEND = YES;
				ENABLE_TESTABILITY = YES;
				GCC_C_LANGUAGE_STANDARD = gnu99;
				GCC_DYNAMIC_NO_PIC = NO;
				GCC_NO_COMMON_BLOCKS = YES;
				GCC_OPTIMIZATION_LEVEL = 0;
				GCC_PREPROCESSOR_DEFINITIONS = (
					"DEBUG=1",
					"$(inherited)",
				);
				GCC_WARN_64_TO_32_BIT_CONVERSION = YES;
				GCC_WARN_ABOUT_RETURN_TYPE = YES_ERROR;
				GCC_WARN_UNDECLARED_SELECTOR = YES;
				GCC_WARN_UNINITIALIZED_AUTOS = YES_AGGRESSIVE;
				GCC_WARN_UNUSED_FUNCTION = YES;
				GCC_WARN_UNUSED_VARIABLE = YES;
				IPHONEOS_DEPLOYMENT_TARGET = 9.3;
				MTL_ENABLE_DEBUG_INFO = YES;
				ONLY_ACTIVE_ARCH = YES;
				SDKROOT = iphoneos;
				SWIFT_OPTIMIZATION_LEVEL = "-Onone";
			};
			name = Debug;
		};
		B51DE5771CAF401F0060960A /* Release */ = {
			isa = XCBuildConfiguration;
			buildSettings = {
				ALWAYS_SEARCH_USER_PATHS = NO;
				CLANG_ANALYZER_NONNULL = YES;
				CLANG_CXX_LANGUAGE_STANDARD = "gnu++0x";
				CLANG_CXX_LIBRARY = "libc++";
				CLANG_ENABLE_MODULES = YES;
				CLANG_ENABLE_OBJC_ARC = YES;
				CLANG_WARN_BOOL_CONVERSION = YES;
				CLANG_WARN_CONSTANT_CONVERSION = YES;
				CLANG_WARN_DIRECT_OBJC_ISA_USAGE = YES_ERROR;
				CLANG_WARN_EMPTY_BODY = YES;
				CLANG_WARN_ENUM_CONVERSION = YES;
				CLANG_WARN_INT_CONVERSION = YES;
				CLANG_WARN_OBJC_ROOT_CLASS = YES_ERROR;
				CLANG_WARN_UNREACHABLE_CODE = YES;
				CLANG_WARN__DUPLICATE_METHOD_MATCH = YES;
				"CODE_SIGN_IDENTITY[sdk=iphoneos*]" = "iPhone Developer";
				COPY_PHASE_STRIP = NO;
				DEBUG_INFORMATION_FORMAT = "dwarf-with-dsym";
				ENABLE_NS_ASSERTIONS = NO;
				ENABLE_STRICT_OBJC_MSGSEND = YES;
				GCC_C_LANGUAGE_STANDARD = gnu99;
				GCC_NO_COMMON_BLOCKS = YES;
				GCC_WARN_64_TO_32_BIT_CONVERSION = YES;
				GCC_WARN_ABOUT_RETURN_TYPE = YES_ERROR;
				GCC_WARN_UNDECLARED_SELECTOR = YES;
				GCC_WARN_UNINITIALIZED_AUTOS = YES_AGGRESSIVE;
				GCC_WARN_UNUSED_FUNCTION = YES;
				GCC_WARN_UNUSED_VARIABLE = YES;
				IPHONEOS_DEPLOYMENT_TARGET = 9.3;
				MTL_ENABLE_DEBUG_INFO = NO;
				SDKROOT = iphoneos;
				VALIDATE_PRODUCT = YES;
			};
			name = Release;
		};
		B51DE5791CAF401F0060960A /* Debug */ = {
			isa = XCBuildConfiguration;
			buildSettings = {
				ASSETCATALOG_COMPILER_APPICON_NAME = AppIcon;
				CODE_SIGN_IDENTITY = "iPhone Developer";
				"CODE_SIGN_IDENTITY[sdk=iphoneos*]" = "iPhone Developer";
				INFOPLIST_FILE = Estim8/Info.plist;
				LD_RUNPATH_SEARCH_PATHS = "$(inherited) @executable_path/Frameworks";
				PRODUCT_BUNDLE_IDENTIFIER = info.migmit.Estim8;
				PRODUCT_NAME = "$(TARGET_NAME)";
				PROVISIONING_PROFILE = "";
			};
			name = Debug;
		};
		B51DE57A1CAF401F0060960A /* Release */ = {
			isa = XCBuildConfiguration;
			buildSettings = {
				ASSETCATALOG_COMPILER_APPICON_NAME = AppIcon;
				CODE_SIGN_IDENTITY = "iPhone Developer";
				"CODE_SIGN_IDENTITY[sdk=iphoneos*]" = "iPhone Developer";
				INFOPLIST_FILE = Estim8/Info.plist;
				LD_RUNPATH_SEARCH_PATHS = "$(inherited) @executable_path/Frameworks";
				PRODUCT_BUNDLE_IDENTIFIER = info.migmit.Estim8;
				PRODUCT_NAME = "$(TARGET_NAME)";
				PROVISIONING_PROFILE = "";
			};
			name = Release;
		};
		B51DE57C1CAF401F0060960A /* Debug */ = {
			isa = XCBuildConfiguration;
			buildSettings = {
				BUNDLE_LOADER = "$(TEST_HOST)";
				INFOPLIST_FILE = Estim8Tests/Info.plist;
				LD_RUNPATH_SEARCH_PATHS = "$(inherited) @executable_path/Frameworks @loader_path/Frameworks";
				PRODUCT_BUNDLE_IDENTIFIER = info.migmit.Estim8Tests;
				PRODUCT_NAME = "$(TARGET_NAME)";
				TEST_HOST = "$(BUILT_PRODUCTS_DIR)/Estim8.app/Estim8";
			};
			name = Debug;
		};
		B51DE57D1CAF401F0060960A /* Release */ = {
			isa = XCBuildConfiguration;
			buildSettings = {
				BUNDLE_LOADER = "$(TEST_HOST)";
				INFOPLIST_FILE = Estim8Tests/Info.plist;
				LD_RUNPATH_SEARCH_PATHS = "$(inherited) @executable_path/Frameworks @loader_path/Frameworks";
				PRODUCT_BUNDLE_IDENTIFIER = info.migmit.Estim8Tests;
				PRODUCT_NAME = "$(TARGET_NAME)";
				TEST_HOST = "$(BUILT_PRODUCTS_DIR)/Estim8.app/Estim8";
			};
			name = Release;
		};
		B51DE57F1CAF401F0060960A /* Debug */ = {
			isa = XCBuildConfiguration;
			buildSettings = {
				CODE_SIGN_IDENTITY = "iPhone Developer";
				INFOPLIST_FILE = Estim8UITests/Info.plist;
				LD_RUNPATH_SEARCH_PATHS = "$(inherited) @executable_path/Frameworks @loader_path/Frameworks";
				PRODUCT_BUNDLE_IDENTIFIER = info.migmit.Estim8UITests;
				PRODUCT_NAME = "$(TARGET_NAME)";
				TEST_TARGET_NAME = Estim8;
			};
			name = Debug;
		};
		B51DE5801CAF401F0060960A /* Release */ = {
			isa = XCBuildConfiguration;
			buildSettings = {
				CODE_SIGN_IDENTITY = "iPhone Developer";
				INFOPLIST_FILE = Estim8UITests/Info.plist;
				LD_RUNPATH_SEARCH_PATHS = "$(inherited) @executable_path/Frameworks @loader_path/Frameworks";
				PRODUCT_BUNDLE_IDENTIFIER = info.migmit.Estim8UITests;
				PRODUCT_NAME = "$(TARGET_NAME)";
				TEST_TARGET_NAME = Estim8;
			};
			name = Release;
		};
/* End XCBuildConfiguration section */

/* Begin XCConfigurationList section */
		B51DE5481CAF401E0060960A /* Build configuration list for PBXProject "Estim8" */ = {
			isa = XCConfigurationList;
			buildConfigurations = (
				B51DE5761CAF401F0060960A /* Debug */,
				B51DE5771CAF401F0060960A /* Release */,
			);
			defaultConfigurationIsVisible = 0;
			defaultConfigurationName = Release;
		};
		B51DE5781CAF401F0060960A /* Build configuration list for PBXNativeTarget "Estim8" */ = {
			isa = XCConfigurationList;
			buildConfigurations = (
				B51DE5791CAF401F0060960A /* Debug */,
				B51DE57A1CAF401F0060960A /* Release */,
			);
			defaultConfigurationIsVisible = 0;
			defaultConfigurationName = Release;
		};
		B51DE57B1CAF401F0060960A /* Build configuration list for PBXNativeTarget "Estim8Tests" */ = {
			isa = XCConfigurationList;
			buildConfigurations = (
				B51DE57C1CAF401F0060960A /* Debug */,
				B51DE57D1CAF401F0060960A /* Release */,
			);
			defaultConfigurationIsVisible = 0;
			defaultConfigurationName = Release;
		};
		B51DE57E1CAF401F0060960A /* Build configuration list for PBXNativeTarget "Estim8UITests" */ = {
			isa = XCConfigurationList;
			buildConfigurations = (
				B51DE57F1CAF401F0060960A /* Debug */,
				B51DE5801CAF401F0060960A /* Release */,
			);
			defaultConfigurationIsVisible = 0;
			defaultConfigurationName = Release;
		};
/* End XCConfigurationList section */

/* Begin XCVersionGroup section */
		B51DE5571CAF401E0060960A /* Estim8.xcdatamodeld */ = {
			isa = XCVersionGroup;
			children = (
				B5B6A6CC1CC405FB00C53F8F /* Currencies.xcdatamodel */,
				B51DE5581CAF401E0060960A /* Estim8.xcdatamodel */,
			);
			currentVersion = B5B6A6CC1CC405FB00C53F8F /* Currencies.xcdatamodel */;
			path = Estim8.xcdatamodeld;
			sourceTree = "<group>";
			versionGroupType = wrapper.xcdatamodel;
		};
/* End XCVersionGroup section */
	};
	rootObject = B51DE5451CAF401E0060960A /* Project object */;
}
